<Solution>
  <Folder Name="/Apps/" />
  <Folder Name="/Libraries/">
    <Project Path="TteLcl.GitModel/TteLcl.GitModel.csproj" Id="2aefe22d-9127-4555-a8ea-4cd1c93be2d6" />
  </Folder>
  <Folder Name="/Solution Items/">
    <File Path=".gitignore" />
    <File Path="LICENSE" />
    <File Path="README.md" />
  </Folder>
  <Folder Name="/UnitTests/">
    <Project Path="UnitTests.GitModel/UnitTests.GitModel.csproj" Id="acc1ffd2-59cc-42dd-be87-d39c042b2d3f" />
  </Folder>
</Solution>
